
Microsoft Visual Studio Solution File, Format Version 12.00
# Visual Studio 15
VisualStudioVersion = 15.0.27703.2042
MinimumVisualStudioVersion = 10.0.40219.1
Project("{FAE04EC0-301F-11D3-BF4B-00C04F79EFBC}") = "A065_ClassAndStruct", "A065_ClassAndStruct\A065_ClassAndStruct.csproj", "{9B9C9B73-3367-4DC0-A08D-DC71A2A43873}"
EndProject
Global
	GlobalSection(SolutionConfigurationPlatforms) = preSolution
		Debug|Any CPU = Debug|Any CPU
		Release|Any CPU = Release|Any CPU
	EndGlobalSection
	GlobalSection(ProjectConfigurationPlatforms) = postSolution
		{9B9C9B73-3367-4DC0-A08D-DC71A2A43873}.Debug|Any CPU.ActiveCfg = Debug|Any CPU
		{9B9C9B73-3367-4DC0-A08D-DC71A2A43873}.Debug|Any CPU.Build.0 = Debug|Any CPU
		{9B9C9B73-3367-4DC0-A08D-DC71A2A43873}.Release|Any CPU.ActiveCfg = Release|Any CPU
		{9B9C9B73-3367-4DC0-A08D-DC71A2A43873}.Release|Any CPU.Build.0 = Release|Any CPU
	EndGlobalSection
	GlobalSection(SolutionProperties) = preSolution
		HideSolutionNode = FALSE
	EndGlobalSection
	GlobalSection(ExtensibilityGlobals) = postSolution
		SolutionGuid = {6458BBE0-A678-472A-8CBE-FA7390FE4A29}
	EndGlobalSection
EndGlobal
