
Microsoft Visual Studio Solution File, Format Version 12.00
# Visual Studio 15
VisualStudioVersion = 15.0.27703.2042
MinimumVisualStudioVersion = 10.0.40219.1
Project("{FAE04EC0-301F-11D3-BF4B-00C04F79EFBC}") = "A090_params", "A090_params\A090_params.csproj", "{815D7C2F-0CF5-459D-9D1A-69DC2B950F23}"
EndProject
Global
	GlobalSection(SolutionConfigurationPlatforms) = preSolution
		Debug|Any CPU = Debug|Any CPU
		Release|Any CPU = Release|Any CPU
	EndGlobalSection
	GlobalSection(ProjectConfigurationPlatforms) = postSolution
		{815D7C2F-0CF5-459D-9D1A-69DC2B950F23}.Debug|Any CPU.ActiveCfg = Debug|Any CPU
		{815D7C2F-0CF5-459D-9D1A-69DC2B950F23}.Debug|Any CPU.Build.0 = Debug|Any CPU
		{815D7C2F-0CF5-459D-9D1A-69DC2B950F23}.Release|Any CPU.ActiveCfg = Release|Any CPU
		{815D7C2F-0CF5-459D-9D1A-69DC2B950F23}.Release|Any CPU.Build.0 = Release|Any CPU
	EndGlobalSection
	GlobalSection(SolutionProperties) = preSolution
		HideSolutionNode = FALSE
	EndGlobalSection
	GlobalSection(ExtensibilityGlobals) = postSolution
		SolutionGuid = {6F1CAC03-C6D7-49B7-96BB-81D71E7CF64F}
	EndGlobalSection
EndGlobal
