
Microsoft Visual Studio Solution File, Format Version 12.00
# Visual Studio 15
VisualStudioVersion = 15.0.27703.2042
MinimumVisualStudioVersion = 10.0.40219.1
Project("{FAE04EC0-301F-11D3-BF4B-00C04F79EFBC}") = "A121_LinqBasic2", "A121_LinqBasic2\A121_LinqBasic2.csproj", "{D7807EE6-8633-4938-B332-6287545C5AF3}"
EndProject
Global
	GlobalSection(SolutionConfigurationPlatforms) = preSolution
		Debug|Any CPU = Debug|Any CPU
		Release|Any CPU = Release|Any CPU
	EndGlobalSection
	GlobalSection(ProjectConfigurationPlatforms) = postSolution
		{D7807EE6-8633-4938-B332-6287545C5AF3}.Debug|Any CPU.ActiveCfg = Debug|Any CPU
		{D7807EE6-8633-4938-B332-6287545C5AF3}.Debug|Any CPU.Build.0 = Debug|Any CPU
		{D7807EE6-8633-4938-B332-6287545C5AF3}.Release|Any CPU.ActiveCfg = Release|Any CPU
		{D7807EE6-8633-4938-B332-6287545C5AF3}.Release|Any CPU.Build.0 = Release|Any CPU
	EndGlobalSection
	GlobalSection(SolutionProperties) = preSolution
		HideSolutionNode = FALSE
	EndGlobalSection
	GlobalSection(ExtensibilityGlobals) = postSolution
		SolutionGuid = {EFA88E93-554B-40A9-B2F4-E0FF60011557}
	EndGlobalSection
EndGlobal
