
Microsoft Visual Studio Solution File, Format Version 12.00
# Visual Studio 15
VisualStudioVersion = 15.0.27703.2042
MinimumVisualStudioVersion = 10.0.40219.1
Project("{FAE04EC0-301F-11D3-BF4B-00C04F79EFBC}") = "A171_ChartControl", "A171_ChartControl\A171_ChartControl.csproj", "{328EE35D-CEE7-480A-8971-8EAFFB969B03}"
EndProject
Global
	GlobalSection(SolutionConfigurationPlatforms) = preSolution
		Debug|Any CPU = Debug|Any CPU
		Release|Any CPU = Release|Any CPU
	EndGlobalSection
	GlobalSection(ProjectConfigurationPlatforms) = postSolution
		{328EE35D-CEE7-480A-8971-8EAFFB969B03}.Debug|Any CPU.ActiveCfg = Debug|Any CPU
		{328EE35D-CEE7-480A-8971-8EAFFB969B03}.Debug|Any CPU.Build.0 = Debug|Any CPU
		{328EE35D-CEE7-480A-8971-8EAFFB969B03}.Release|Any CPU.ActiveCfg = Release|Any CPU
		{328EE35D-CEE7-480A-8971-8EAFFB969B03}.Release|Any CPU.Build.0 = Release|Any CPU
	EndGlobalSection
	GlobalSection(SolutionProperties) = preSolution
		HideSolutionNode = FALSE
	EndGlobalSection
	GlobalSection(ExtensibilityGlobals) = postSolution
		SolutionGuid = {D5A3EF8E-F84B-4E7E-8FFB-24BF746AD6E3}
	EndGlobalSection
EndGlobal
