
Microsoft Visual Studio Solution File, Format Version 12.00
# Visual Studio 15
VisualStudioVersion = 15.0.27703.2042
MinimumVisualStudioVersion = 10.0.40219.1
Project("{FAE04EC0-301F-11D3-BF4B-00C04F79EFBC}") = "A150_TabControl", "A150_TabControl\A150_TabControl.csproj", "{3C934130-BE95-4B4C-95B8-CBEEEB754F58}"
EndProject
Global
	GlobalSection(SolutionConfigurationPlatforms) = preSolution
		Debug|Any CPU = Debug|Any CPU
		Release|Any CPU = Release|Any CPU
	EndGlobalSection
	GlobalSection(ProjectConfigurationPlatforms) = postSolution
		{3C934130-BE95-4B4C-95B8-CBEEEB754F58}.Debug|Any CPU.ActiveCfg = Debug|Any CPU
		{3C934130-BE95-4B4C-95B8-CBEEEB754F58}.Debug|Any CPU.Build.0 = Debug|Any CPU
		{3C934130-BE95-4B4C-95B8-CBEEEB754F58}.Release|Any CPU.ActiveCfg = Release|Any CPU
		{3C934130-BE95-4B4C-95B8-CBEEEB754F58}.Release|Any CPU.Build.0 = Release|Any CPU
	EndGlobalSection
	GlobalSection(SolutionProperties) = preSolution
		HideSolutionNode = FALSE
	EndGlobalSection
	GlobalSection(ExtensibilityGlobals) = postSolution
		SolutionGuid = {F12189FA-ACBE-49A0-BD47-593BDB9A9A1D}
	EndGlobalSection
EndGlobal
