
Microsoft Visual Studio Solution File, Format Version 12.00
# Visual Studio 15
VisualStudioVersion = 15.0.27703.2042
MinimumVisualStudioVersion = 10.0.40219.1
Project("{FAE04EC0-301F-11D3-BF4B-00C04F79EFBC}") = "A084_ExecutionTime", "A084_ExecutionTime\A084_ExecutionTime.csproj", "{0C2666F4-F27B-4F43-A3FB-4B26D5B438D7}"
EndProject
Global
	GlobalSection(SolutionConfigurationPlatforms) = preSolution
		Debug|Any CPU = Debug|Any CPU
		Release|Any CPU = Release|Any CPU
	EndGlobalSection
	GlobalSection(ProjectConfigurationPlatforms) = postSolution
		{0C2666F4-F27B-4F43-A3FB-4B26D5B438D7}.Debug|Any CPU.ActiveCfg = Debug|Any CPU
		{0C2666F4-F27B-4F43-A3FB-4B26D5B438D7}.Debug|Any CPU.Build.0 = Debug|Any CPU
		{0C2666F4-F27B-4F43-A3FB-4B26D5B438D7}.Release|Any CPU.ActiveCfg = Release|Any CPU
		{0C2666F4-F27B-4F43-A3FB-4B26D5B438D7}.Release|Any CPU.Build.0 = Release|Any CPU
	EndGlobalSection
	GlobalSection(SolutionProperties) = preSolution
		HideSolutionNode = FALSE
	EndGlobalSection
	GlobalSection(ExtensibilityGlobals) = postSolution
		SolutionGuid = {8D66B388-A8C5-4C2E-A8D6-2BAC1201F960}
	EndGlobalSection
EndGlobal
