
Microsoft Visual Studio Solution File, Format Version 12.00
# Visual Studio 15
VisualStudioVersion = 15.0.27703.2042
MinimumVisualStudioVersion = 10.0.40219.1
Project("{FAE04EC0-301F-11D3-BF4B-00C04F79EFBC}") = "A184_WPFRandomSplash", "A184_WPFRandomSplash\A184_WPFRandomSplash.csproj", "{B0B893EA-2EE9-4ED6-A517-7BC3C3CB0AAD}"
EndProject
Global
	GlobalSection(SolutionConfigurationPlatforms) = preSolution
		Debug|Any CPU = Debug|Any CPU
		Release|Any CPU = Release|Any CPU
	EndGlobalSection
	GlobalSection(ProjectConfigurationPlatforms) = postSolution
		{B0B893EA-2EE9-4ED6-A517-7BC3C3CB0AAD}.Debug|Any CPU.ActiveCfg = Debug|Any CPU
		{B0B893EA-2EE9-4ED6-A517-7BC3C3CB0AAD}.Debug|Any CPU.Build.0 = Debug|Any CPU
		{B0B893EA-2EE9-4ED6-A517-7BC3C3CB0AAD}.Release|Any CPU.ActiveCfg = Release|Any CPU
		{B0B893EA-2EE9-4ED6-A517-7BC3C3CB0AAD}.Release|Any CPU.Build.0 = Release|Any CPU
	EndGlobalSection
	GlobalSection(SolutionProperties) = preSolution
		HideSolutionNode = FALSE
	EndGlobalSection
	GlobalSection(ExtensibilityGlobals) = postSolution
		SolutionGuid = {C967229D-663C-495B-8444-8EEAD8CB19B0}
	EndGlobalSection
EndGlobal
