
Microsoft Visual Studio Solution File, Format Version 12.00
# Visual Studio 15
VisualStudioVersion = 15.0.27428.1
MinimumVisualStudioVersion = 10.0.40219.1
Project("{FAE04EC0-301F-11D3-BF4B-00C04F79EFBC}") = "A107_IComapable", "A107_IComparable\A107_IComapable.csproj", "{14523BA3-572D-4D83-BC00-987EE6C0DA6C}"
EndProject
Global
	GlobalSection(SolutionConfigurationPlatforms) = preSolution
		Debug|Any CPU = Debug|Any CPU
		Release|Any CPU = Release|Any CPU
	EndGlobalSection
	GlobalSection(ProjectConfigurationPlatforms) = postSolution
		{14523BA3-572D-4D83-BC00-987EE6C0DA6C}.Debug|Any CPU.ActiveCfg = Debug|Any CPU
		{14523BA3-572D-4D83-BC00-987EE6C0DA6C}.Debug|Any CPU.Build.0 = Debug|Any CPU
		{14523BA3-572D-4D83-BC00-987EE6C0DA6C}.Release|Any CPU.ActiveCfg = Release|Any CPU
		{14523BA3-572D-4D83-BC00-987EE6C0DA6C}.Release|Any CPU.Build.0 = Release|Any CPU
	EndGlobalSection
	GlobalSection(SolutionProperties) = preSolution
		HideSolutionNode = FALSE
	EndGlobalSection
	GlobalSection(ExtensibilityGlobals) = postSolution
		SolutionGuid = {0DC5F105-AB46-45AA-8275-44286D2810ED}
	EndGlobalSection
EndGlobal
