
Microsoft Visual Studio Solution File, Format Version 12.00
# Visual Studio 15
VisualStudioVersion = 15.0.27703.2042
MinimumVisualStudioVersion = 10.0.40219.1
Project("{FAE04EC0-301F-11D3-BF4B-00C04F79EFBC}") = "A027_StringConcat", "A027_StringConcat\A027_StringConcat.csproj", "{D2DC9FFA-4646-47BE-ABA8-92269E9FE700}"
EndProject
Global
	GlobalSection(SolutionConfigurationPlatforms) = preSolution
		Debug|Any CPU = Debug|Any CPU
		Release|Any CPU = Release|Any CPU
	EndGlobalSection
	GlobalSection(ProjectConfigurationPlatforms) = postSolution
		{D2DC9FFA-4646-47BE-ABA8-92269E9FE700}.Debug|Any CPU.ActiveCfg = Debug|Any CPU
		{D2DC9FFA-4646-47BE-ABA8-92269E9FE700}.Debug|Any CPU.Build.0 = Debug|Any CPU
		{D2DC9FFA-4646-47BE-ABA8-92269E9FE700}.Release|Any CPU.ActiveCfg = Release|Any CPU
		{D2DC9FFA-4646-47BE-ABA8-92269E9FE700}.Release|Any CPU.Build.0 = Release|Any CPU
	EndGlobalSection
	GlobalSection(SolutionProperties) = preSolution
		HideSolutionNode = FALSE
	EndGlobalSection
	GlobalSection(ExtensibilityGlobals) = postSolution
		SolutionGuid = {C22790E1-CB73-4549-B2C0-8E3C6741B030}
	EndGlobalSection
EndGlobal
