
Microsoft Visual Studio Solution File, Format Version 12.00
# Visual Studio 15
VisualStudioVersion = 15.0.27703.2042
MinimumVisualStudioVersion = 10.0.40219.1
Project("{FAE04EC0-301F-11D3-BF4B-00C04F79EFBC}") = "A033_ConstAndReadonly", "A033_ConstAndReadonly\A033_ConstAndReadonly.csproj", "{44DF9A9D-D4B3-4581-A43B-634B3C47D106}"
EndProject
Global
	GlobalSection(SolutionConfigurationPlatforms) = preSolution
		Debug|Any CPU = Debug|Any CPU
		Release|Any CPU = Release|Any CPU
	EndGlobalSection
	GlobalSection(ProjectConfigurationPlatforms) = postSolution
		{44DF9A9D-D4B3-4581-A43B-634B3C47D106}.Debug|Any CPU.ActiveCfg = Debug|Any CPU
		{44DF9A9D-D4B3-4581-A43B-634B3C47D106}.Debug|Any CPU.Build.0 = Debug|Any CPU
		{44DF9A9D-D4B3-4581-A43B-634B3C47D106}.Release|Any CPU.ActiveCfg = Release|Any CPU
		{44DF9A9D-D4B3-4581-A43B-634B3C47D106}.Release|Any CPU.Build.0 = Release|Any CPU
	EndGlobalSection
	GlobalSection(SolutionProperties) = preSolution
		HideSolutionNode = FALSE
	EndGlobalSection
	GlobalSection(ExtensibilityGlobals) = postSolution
		SolutionGuid = {9CD29A27-B541-474E-A29C-741B31ED28AD}
	EndGlobalSection
EndGlobal
