
Microsoft Visual Studio Solution File, Format Version 12.00
# Visual Studio 15
VisualStudioVersion = 15.0.27703.2042
MinimumVisualStudioVersion = 10.0.40219.1
Project("{FAE04EC0-301F-11D3-BF4B-00C04F79EFBC}") = "A006_Assignment", "A006_Assignment\A006_Assignment.csproj", "{02D37D1E-CC9E-4AD3-98FF-C47A3A273BC2}"
EndProject
Global
	GlobalSection(SolutionConfigurationPlatforms) = preSolution
		Debug|Any CPU = Debug|Any CPU
		Release|Any CPU = Release|Any CPU
	EndGlobalSection
	GlobalSection(ProjectConfigurationPlatforms) = postSolution
		{02D37D1E-CC9E-4AD3-98FF-C47A3A273BC2}.Debug|Any CPU.ActiveCfg = Debug|Any CPU
		{02D37D1E-CC9E-4AD3-98FF-C47A3A273BC2}.Debug|Any CPU.Build.0 = Debug|Any CPU
		{02D37D1E-CC9E-4AD3-98FF-C47A3A273BC2}.Release|Any CPU.ActiveCfg = Release|Any CPU
		{02D37D1E-CC9E-4AD3-98FF-C47A3A273BC2}.Release|Any CPU.Build.0 = Release|Any CPU
	EndGlobalSection
	GlobalSection(SolutionProperties) = preSolution
		HideSolutionNode = FALSE
	EndGlobalSection
	GlobalSection(ExtensibilityGlobals) = postSolution
		SolutionGuid = {10AB9561-B370-4BFD-A9C3-70EF775E895D}
	EndGlobalSection
EndGlobal
