
Microsoft Visual Studio Solution File, Format Version 12.00
# Visual Studio 15
VisualStudioVersion = 15.0.27703.2042
MinimumVisualStudioVersion = 10.0.40219.1
Project("{FAE04EC0-301F-11D3-BF4B-00C04F79EFBC}") = "A011_FormatSpecifier", "A011_FormatSpecifier\A011_FormatSpecifier.csproj", "{978B1CD9-5E78-4758-8A8A-42EADD624CB8}"
EndProject
Global
	GlobalSection(SolutionConfigurationPlatforms) = preSolution
		Debug|Any CPU = Debug|Any CPU
		Release|Any CPU = Release|Any CPU
	EndGlobalSection
	GlobalSection(ProjectConfigurationPlatforms) = postSolution
		{978B1CD9-5E78-4758-8A8A-42EADD624CB8}.Debug|Any CPU.ActiveCfg = Debug|Any CPU
		{978B1CD9-5E78-4758-8A8A-42EADD624CB8}.Debug|Any CPU.Build.0 = Debug|Any CPU
		{978B1CD9-5E78-4758-8A8A-42EADD624CB8}.Release|Any CPU.ActiveCfg = Release|Any CPU
		{978B1CD9-5E78-4758-8A8A-42EADD624CB8}.Release|Any CPU.Build.0 = Release|Any CPU
	EndGlobalSection
	GlobalSection(SolutionProperties) = preSolution
		HideSolutionNode = FALSE
	EndGlobalSection
	GlobalSection(ExtensibilityGlobals) = postSolution
		SolutionGuid = {0C9293D7-FE2E-4767-852F-7E3389E15657}
	EndGlobalSection
EndGlobal
