
Microsoft Visual Studio Solution File, Format Version 12.00
# Visual Studio 15
VisualStudioVersion = 15.0.27703.2042
MinimumVisualStudioVersion = 10.0.40219.1
Project("{FAE04EC0-301F-11D3-BF4B-00C04F79EFBC}") = "A101_QueueImplementation", "A101_QueueImplementation\A101_QueueImplementation.csproj", "{E934FE37-59D8-48FA-9C9B-66D5E89F6AC6}"
EndProject
Global
	GlobalSection(SolutionConfigurationPlatforms) = preSolution
		Debug|Any CPU = Debug|Any CPU
		Release|Any CPU = Release|Any CPU
	EndGlobalSection
	GlobalSection(ProjectConfigurationPlatforms) = postSolution
		{E934FE37-59D8-48FA-9C9B-66D5E89F6AC6}.Debug|Any CPU.ActiveCfg = Debug|Any CPU
		{E934FE37-59D8-48FA-9C9B-66D5E89F6AC6}.Debug|Any CPU.Build.0 = Debug|Any CPU
		{E934FE37-59D8-48FA-9C9B-66D5E89F6AC6}.Release|Any CPU.ActiveCfg = Release|Any CPU
		{E934FE37-59D8-48FA-9C9B-66D5E89F6AC6}.Release|Any CPU.Build.0 = Release|Any CPU
	EndGlobalSection
	GlobalSection(SolutionProperties) = preSolution
		HideSolutionNode = FALSE
	EndGlobalSection
	GlobalSection(ExtensibilityGlobals) = postSolution
		SolutionGuid = {8D0A2CC3-3BB4-43F4-972D-3F66EE276CDC}
	EndGlobalSection
EndGlobal
