
Microsoft Visual Studio Solution File, Format Version 12.00
# Visual Studio 15
VisualStudioVersion = 15.0.27703.2042
MinimumVisualStudioVersion = 10.0.40219.1
Project("{FAE04EC0-301F-11D3-BF4B-00C04F79EFBC}") = "A031_StringBuilder", "A031_StringBuilder\A031_StringBuilder.csproj", "{555211C6-7501-4DD6-8D5D-9B8824EFC7DD}"
EndProject
Global
	GlobalSection(SolutionConfigurationPlatforms) = preSolution
		Debug|Any CPU = Debug|Any CPU
		Release|Any CPU = Release|Any CPU
	EndGlobalSection
	GlobalSection(ProjectConfigurationPlatforms) = postSolution
		{555211C6-7501-4DD6-8D5D-9B8824EFC7DD}.Debug|Any CPU.ActiveCfg = Debug|Any CPU
		{555211C6-7501-4DD6-8D5D-9B8824EFC7DD}.Debug|Any CPU.Build.0 = Debug|Any CPU
		{555211C6-7501-4DD6-8D5D-9B8824EFC7DD}.Release|Any CPU.ActiveCfg = Release|Any CPU
		{555211C6-7501-4DD6-8D5D-9B8824EFC7DD}.Release|Any CPU.Build.0 = Release|Any CPU
	EndGlobalSection
	GlobalSection(SolutionProperties) = preSolution
		HideSolutionNode = FALSE
	EndGlobalSection
	GlobalSection(ExtensibilityGlobals) = postSolution
		SolutionGuid = {407E5107-2BCD-4642-A512-4BE97E01F1A5}
	EndGlobalSection
EndGlobal
