
Microsoft Visual Studio Solution File, Format Version 12.00
# Visual Studio 15
VisualStudioVersion = 15.0.28010.2016
MinimumVisualStudioVersion = 10.0.40219.1
Project("{FAE04EC0-301F-11D3-BF4B-00C04F79EFBC}") = "A092_MethodOverloading", "A092_MethodOverloading\A092_MethodOverloading.csproj", "{878F13DB-523D-49DA-A69F-6A0280E643BE}"
EndProject
Global
	GlobalSection(SolutionConfigurationPlatforms) = preSolution
		Debug|Any CPU = Debug|Any CPU
		Release|Any CPU = Release|Any CPU
	EndGlobalSection
	GlobalSection(ProjectConfigurationPlatforms) = postSolution
		{878F13DB-523D-49DA-A69F-6A0280E643BE}.Debug|Any CPU.ActiveCfg = Debug|Any CPU
		{878F13DB-523D-49DA-A69F-6A0280E643BE}.Debug|Any CPU.Build.0 = Debug|Any CPU
		{878F13DB-523D-49DA-A69F-6A0280E643BE}.Release|Any CPU.ActiveCfg = Release|Any CPU
		{878F13DB-523D-49DA-A69F-6A0280E643BE}.Release|Any CPU.Build.0 = Release|Any CPU
	EndGlobalSection
	GlobalSection(SolutionProperties) = preSolution
		HideSolutionNode = FALSE
	EndGlobalSection
	GlobalSection(ExtensibilityGlobals) = postSolution
		SolutionGuid = {A30DED92-3A26-4A24-B8BE-C459EDBE348D}
	EndGlobalSection
EndGlobal
