
Microsoft Visual Studio Solution File, Format Version 12.00
# Visual Studio 15
VisualStudioVersion = 15.0.27703.2042
MinimumVisualStudioVersion = 10.0.40219.1
Project("{FAE04EC0-301F-11D3-BF4B-00C04F79EFBC}") = "A143_GradeCalc", "A143_GradeCalc\A143_GradeCalc.csproj", "{B7AFC7DD-A7F0-47E7-B473-C8D90C1317E1}"
EndProject
Global
	GlobalSection(SolutionConfigurationPlatforms) = preSolution
		Debug|Any CPU = Debug|Any CPU
		Release|Any CPU = Release|Any CPU
	EndGlobalSection
	GlobalSection(ProjectConfigurationPlatforms) = postSolution
		{B7AFC7DD-A7F0-47E7-B473-C8D90C1317E1}.Debug|Any CPU.ActiveCfg = Debug|Any CPU
		{B7AFC7DD-A7F0-47E7-B473-C8D90C1317E1}.Debug|Any CPU.Build.0 = Debug|Any CPU
		{B7AFC7DD-A7F0-47E7-B473-C8D90C1317E1}.Release|Any CPU.ActiveCfg = Release|Any CPU
		{B7AFC7DD-A7F0-47E7-B473-C8D90C1317E1}.Release|Any CPU.Build.0 = Release|Any CPU
	EndGlobalSection
	GlobalSection(SolutionProperties) = preSolution
		HideSolutionNode = FALSE
	EndGlobalSection
	GlobalSection(ExtensibilityGlobals) = postSolution
		SolutionGuid = {BBF9A18C-594F-4BE1-BDA6-651686801082}
	EndGlobalSection
EndGlobal
