
Microsoft Visual Studio Solution File, Format Version 12.00
# Visual Studio 15
VisualStudioVersion = 15.0.27703.2042
MinimumVisualStudioVersion = 10.0.40219.1
Project("{FAE04EC0-301F-11D3-BF4B-00C04F79EFBC}") = "A008_ConsoleWriteMulti", "A008_ConsoleWriteMulti\A008_ConsoleWriteMulti.csproj", "{829A7C99-2824-4D1C-A0D2-538963AEE03B}"
EndProject
Global
	GlobalSection(SolutionConfigurationPlatforms) = preSolution
		Debug|Any CPU = Debug|Any CPU
		Release|Any CPU = Release|Any CPU
	EndGlobalSection
	GlobalSection(ProjectConfigurationPlatforms) = postSolution
		{829A7C99-2824-4D1C-A0D2-538963AEE03B}.Debug|Any CPU.ActiveCfg = Debug|Any CPU
		{829A7C99-2824-4D1C-A0D2-538963AEE03B}.Debug|Any CPU.Build.0 = Debug|Any CPU
		{829A7C99-2824-4D1C-A0D2-538963AEE03B}.Release|Any CPU.ActiveCfg = Release|Any CPU
		{829A7C99-2824-4D1C-A0D2-538963AEE03B}.Release|Any CPU.Build.0 = Release|Any CPU
	EndGlobalSection
	GlobalSection(SolutionProperties) = preSolution
		HideSolutionNode = FALSE
	EndGlobalSection
	GlobalSection(ExtensibilityGlobals) = postSolution
		SolutionGuid = {D8970FFA-512A-48E2-8267-E19FDE7517BF}
	EndGlobalSection
EndGlobal
