
Microsoft Visual Studio Solution File, Format Version 12.00
# Visual Studio 15
VisualStudioVersion = 15.0.27703.2042
MinimumVisualStudioVersion = 10.0.40219.1
Project("{FAE04EC0-301F-11D3-BF4B-00C04F79EFBC}") = "A053_SumOfFactorials", "A053_SumOfFactorials\A053_SumOfFactorials.csproj", "{C7B7CF4C-8A7C-4536-B9C3-999A2D111E47}"
EndProject
Global
	GlobalSection(SolutionConfigurationPlatforms) = preSolution
		Debug|Any CPU = Debug|Any CPU
		Release|Any CPU = Release|Any CPU
	EndGlobalSection
	GlobalSection(ProjectConfigurationPlatforms) = postSolution
		{C7B7CF4C-8A7C-4536-B9C3-999A2D111E47}.Debug|Any CPU.ActiveCfg = Debug|Any CPU
		{C7B7CF4C-8A7C-4536-B9C3-999A2D111E47}.Debug|Any CPU.Build.0 = Debug|Any CPU
		{C7B7CF4C-8A7C-4536-B9C3-999A2D111E47}.Release|Any CPU.ActiveCfg = Release|Any CPU
		{C7B7CF4C-8A7C-4536-B9C3-999A2D111E47}.Release|Any CPU.Build.0 = Release|Any CPU
	EndGlobalSection
	GlobalSection(SolutionProperties) = preSolution
		HideSolutionNode = FALSE
	EndGlobalSection
	GlobalSection(ExtensibilityGlobals) = postSolution
		SolutionGuid = {E40DFF79-D034-48A8-BD7D-7D5B54929C60}
	EndGlobalSection
EndGlobal
