
Microsoft Visual Studio Solution File, Format Version 12.00
# Visual Studio 15
VisualStudioVersion = 15.0.27703.2042
MinimumVisualStudioVersion = 10.0.40219.1
Project("{FAE04EC0-301F-11D3-BF4B-00C04F79EFBC}") = "A010_ConsoleFormat", "A010_ConsoleFormat\A010_ConsoleFormat.csproj", "{7158A83D-FFF5-47EA-9A11-92DCB0E4215C}"
EndProject
Project("{FAE04EC0-301F-11D3-BF4B-00C04F79EFBC}") = "CurrencyFormat", "CurrencyFormat\CurrencyFormat.csproj", "{5292BD91-DFED-4262-A107-CD7BEC0045D2}"
EndProject
Global
	GlobalSection(SolutionConfigurationPlatforms) = preSolution
		Debug|Any CPU = Debug|Any CPU
		Release|Any CPU = Release|Any CPU
	EndGlobalSection
	GlobalSection(ProjectConfigurationPlatforms) = postSolution
		{7158A83D-FFF5-47EA-9A11-92DCB0E4215C}.Debug|Any CPU.ActiveCfg = Debug|Any CPU
		{7158A83D-FFF5-47EA-9A11-92DCB0E4215C}.Debug|Any CPU.Build.0 = Debug|Any CPU
		{7158A83D-FFF5-47EA-9A11-92DCB0E4215C}.Release|Any CPU.ActiveCfg = Release|Any CPU
		{7158A83D-FFF5-47EA-9A11-92DCB0E4215C}.Release|Any CPU.Build.0 = Release|Any CPU
		{5292BD91-DFED-4262-A107-CD7BEC0045D2}.Debug|Any CPU.ActiveCfg = Debug|Any CPU
		{5292BD91-DFED-4262-A107-CD7BEC0045D2}.Debug|Any CPU.Build.0 = Debug|Any CPU
		{5292BD91-DFED-4262-A107-CD7BEC0045D2}.Release|Any CPU.ActiveCfg = Release|Any CPU
		{5292BD91-DFED-4262-A107-CD7BEC0045D2}.Release|Any CPU.Build.0 = Release|Any CPU
	EndGlobalSection
	GlobalSection(SolutionProperties) = preSolution
		HideSolutionNode = FALSE
	EndGlobalSection
	GlobalSection(ExtensibilityGlobals) = postSolution
		SolutionGuid = {CD3D1116-51A6-45BA-BA63-48A0713EAD8B}
	EndGlobalSection
EndGlobal
