
Microsoft Visual Studio Solution File, Format Version 12.00
# Visual Studio 15
VisualStudioVersion = 15.0.27703.2042
MinimumVisualStudioVersion = 10.0.40219.1
Project("{FAE04EC0-301F-11D3-BF4B-00C04F79EFBC}") = "A013_TypeConversion", "A013_TypeConversion\A013_TypeConversion.csproj", "{8C86F5C3-48C8-43E2-B1B8-7EB23FE39221}"
EndProject
Global
	GlobalSection(SolutionConfigurationPlatforms) = preSolution
		Debug|Any CPU = Debug|Any CPU
		Release|Any CPU = Release|Any CPU
	EndGlobalSection
	GlobalSection(ProjectConfigurationPlatforms) = postSolution
		{8C86F5C3-48C8-43E2-B1B8-7EB23FE39221}.Debug|Any CPU.ActiveCfg = Debug|Any CPU
		{8C86F5C3-48C8-43E2-B1B8-7EB23FE39221}.Debug|Any CPU.Build.0 = Debug|Any CPU
		{8C86F5C3-48C8-43E2-B1B8-7EB23FE39221}.Release|Any CPU.ActiveCfg = Release|Any CPU
		{8C86F5C3-48C8-43E2-B1B8-7EB23FE39221}.Release|Any CPU.Build.0 = Release|Any CPU
	EndGlobalSection
	GlobalSection(SolutionProperties) = preSolution
		HideSolutionNode = FALSE
	EndGlobalSection
	GlobalSection(ExtensibilityGlobals) = postSolution
		SolutionGuid = {B4D1E626-3B15-47C2-8FFA-4B9F6CC709B9}
	EndGlobalSection
EndGlobal
