
Microsoft Visual Studio Solution File, Format Version 12.00
# Visual Studio 15
VisualStudioVersion = 15.0.28307.421
MinimumVisualStudioVersion = 10.0.40219.1
Project("{FAE04EC0-301F-11D3-BF4B-00C04F79EFBC}") = "A024_CompoundAssignment", "A024_CompoundAssignment\A024_CompoundAssignment.csproj", "{8A5171AB-8E6B-467F-8057-07A7569F82EB}"
EndProject
Global
	GlobalSection(SolutionConfigurationPlatforms) = preSolution
		Debug|Any CPU = Debug|Any CPU
		Release|Any CPU = Release|Any CPU
	EndGlobalSection
	GlobalSection(ProjectConfigurationPlatforms) = postSolution
		{8A5171AB-8E6B-467F-8057-07A7569F82EB}.Debug|Any CPU.ActiveCfg = Debug|Any CPU
		{8A5171AB-8E6B-467F-8057-07A7569F82EB}.Debug|Any CPU.Build.0 = Debug|Any CPU
		{8A5171AB-8E6B-467F-8057-07A7569F82EB}.Release|Any CPU.ActiveCfg = Release|Any CPU
		{8A5171AB-8E6B-467F-8057-07A7569F82EB}.Release|Any CPU.Build.0 = Release|Any CPU
	EndGlobalSection
	GlobalSection(SolutionProperties) = preSolution
		HideSolutionNode = FALSE
	EndGlobalSection
	GlobalSection(ExtensibilityGlobals) = postSolution
		SolutionGuid = {8B82D558-D256-46CB-8A54-755648EB14BF}
	EndGlobalSection
EndGlobal
