
Microsoft Visual Studio Solution File, Format Version 12.00
# Visual Studio 15
VisualStudioVersion = 15.0.27703.2042
MinimumVisualStudioVersion = 10.0.40219.1
Project("{FAE04EC0-301F-11D3-BF4B-00C04F79EFBC}") = "A167_RatationClock", "A167_RatationClock\A167_RatationClock.csproj", "{F6D15280-4F01-4C32-98ED-E3416DBF7BF9}"
EndProject
Global
	GlobalSection(SolutionConfigurationPlatforms) = preSolution
		Debug|Any CPU = Debug|Any CPU
		Release|Any CPU = Release|Any CPU
	EndGlobalSection
	GlobalSection(ProjectConfigurationPlatforms) = postSolution
		{F6D15280-4F01-4C32-98ED-E3416DBF7BF9}.Debug|Any CPU.ActiveCfg = Debug|Any CPU
		{F6D15280-4F01-4C32-98ED-E3416DBF7BF9}.Debug|Any CPU.Build.0 = Debug|Any CPU
		{F6D15280-4F01-4C32-98ED-E3416DBF7BF9}.Release|Any CPU.ActiveCfg = Release|Any CPU
		{F6D15280-4F01-4C32-98ED-E3416DBF7BF9}.Release|Any CPU.Build.0 = Release|Any CPU
	EndGlobalSection
	GlobalSection(SolutionProperties) = preSolution
		HideSolutionNode = FALSE
	EndGlobalSection
	GlobalSection(ExtensibilityGlobals) = postSolution
		SolutionGuid = {4F475936-36AA-475D-AA0B-1B2647230EAD}
	EndGlobalSection
EndGlobal
