
Microsoft Visual Studio Solution File, Format Version 12.00
# Visual Studio 15
VisualStudioVersion = 15.0.27703.2042
MinimumVisualStudioVersion = 10.0.40219.1
Project("{FAE04EC0-301F-11D3-BF4B-00C04F79EFBC}") = "A163_WPF WindowsCalc", "A163_WPF WindowsCalc\A163_WPF WindowsCalc.csproj", "{34570F92-A8CF-407A-AE07-CD3FE0D82655}"
EndProject
Global
	GlobalSection(SolutionConfigurationPlatforms) = preSolution
		Debug|Any CPU = Debug|Any CPU
		Release|Any CPU = Release|Any CPU
	EndGlobalSection
	GlobalSection(ProjectConfigurationPlatforms) = postSolution
		{34570F92-A8CF-407A-AE07-CD3FE0D82655}.Debug|Any CPU.ActiveCfg = Debug|Any CPU
		{34570F92-A8CF-407A-AE07-CD3FE0D82655}.Debug|Any CPU.Build.0 = Debug|Any CPU
		{34570F92-A8CF-407A-AE07-CD3FE0D82655}.Release|Any CPU.ActiveCfg = Release|Any CPU
		{34570F92-A8CF-407A-AE07-CD3FE0D82655}.Release|Any CPU.Build.0 = Release|Any CPU
	EndGlobalSection
	GlobalSection(SolutionProperties) = preSolution
		HideSolutionNode = FALSE
	EndGlobalSection
	GlobalSection(ExtensibilityGlobals) = postSolution
		SolutionGuid = {84C1B409-A27C-4EE4-8BCA-28A9749A0AFE}
	EndGlobalSection
EndGlobal
