
Microsoft Visual Studio Solution File, Format Version 12.00
# Visual Studio 15
VisualStudioVersion = 15.0.27703.2042
MinimumVisualStudioVersion = 10.0.40219.1
Project("{FAE04EC0-301F-11D3-BF4B-00C04F79EFBC}") = "A102_ArrayList", "A102_ArrayList\A102_ArrayList.csproj", "{854EBA43-76B5-4A64-8BD4-04B9405C132B}"
EndProject
Global
	GlobalSection(SolutionConfigurationPlatforms) = preSolution
		Debug|Any CPU = Debug|Any CPU
		Release|Any CPU = Release|Any CPU
	EndGlobalSection
	GlobalSection(ProjectConfigurationPlatforms) = postSolution
		{854EBA43-76B5-4A64-8BD4-04B9405C132B}.Debug|Any CPU.ActiveCfg = Debug|Any CPU
		{854EBA43-76B5-4A64-8BD4-04B9405C132B}.Debug|Any CPU.Build.0 = Debug|Any CPU
		{854EBA43-76B5-4A64-8BD4-04B9405C132B}.Release|Any CPU.ActiveCfg = Release|Any CPU
		{854EBA43-76B5-4A64-8BD4-04B9405C132B}.Release|Any CPU.Build.0 = Release|Any CPU
	EndGlobalSection
	GlobalSection(SolutionProperties) = preSolution
		HideSolutionNode = FALSE
	EndGlobalSection
	GlobalSection(ExtensibilityGlobals) = postSolution
		SolutionGuid = {33A6B820-88C9-4071-89B7-D30F60109085}
	EndGlobalSection
EndGlobal
