
Microsoft Visual Studio Solution File, Format Version 12.00
# Visual Studio Version 16
VisualStudioVersion = 16.0.28803.352
MinimumVisualStudioVersion = 10.0.40219.1
Project("{FAE04EC0-301F-11D3-BF4B-00C04F79EFBC}") = "A125_WinFormApp", "A125_WinFormApp\A125_WinFormApp.csproj", "{9F9E32F7-8422-4C41-93FA-26884D0D00A1}"
EndProject
Global
	GlobalSection(SolutionConfigurationPlatforms) = preSolution
		Debug|Any CPU = Debug|Any CPU
		Release|Any CPU = Release|Any CPU
	EndGlobalSection
	GlobalSection(ProjectConfigurationPlatforms) = postSolution
		{9F9E32F7-8422-4C41-93FA-26884D0D00A1}.Debug|Any CPU.ActiveCfg = Debug|Any CPU
		{9F9E32F7-8422-4C41-93FA-26884D0D00A1}.Debug|Any CPU.Build.0 = Debug|Any CPU
		{9F9E32F7-8422-4C41-93FA-26884D0D00A1}.Release|Any CPU.ActiveCfg = Release|Any CPU
		{9F9E32F7-8422-4C41-93FA-26884D0D00A1}.Release|Any CPU.Build.0 = Release|Any CPU
	EndGlobalSection
	GlobalSection(SolutionProperties) = preSolution
		HideSolutionNode = FALSE
	EndGlobalSection
	GlobalSection(ExtensibilityGlobals) = postSolution
		SolutionGuid = {7CC555D5-944B-43FA-ABB0-A13D99B206CC}
	EndGlobalSection
EndGlobal
