
Microsoft Visual Studio Solution File, Format Version 12.00
# Visual Studio 15
VisualStudioVersion = 15.0.27428.1
MinimumVisualStudioVersion = 10.0.40219.1
Project("{FAE04EC0-301F-11D3-BF4B-00C04F79EFBC}") = "A104_ListAndArraySort", "A104_ListAndArraySort\A104_ListAndArraySort.csproj", "{58C1E222-95D5-48F4-9399-70C3AD1E9061}"
EndProject
Global
	GlobalSection(SolutionConfigurationPlatforms) = preSolution
		Debug|Any CPU = Debug|Any CPU
		Release|Any CPU = Release|Any CPU
	EndGlobalSection
	GlobalSection(ProjectConfigurationPlatforms) = postSolution
		{58C1E222-95D5-48F4-9399-70C3AD1E9061}.Debug|Any CPU.ActiveCfg = Debug|Any CPU
		{58C1E222-95D5-48F4-9399-70C3AD1E9061}.Debug|Any CPU.Build.0 = Debug|Any CPU
		{58C1E222-95D5-48F4-9399-70C3AD1E9061}.Release|Any CPU.ActiveCfg = Release|Any CPU
		{58C1E222-95D5-48F4-9399-70C3AD1E9061}.Release|Any CPU.Build.0 = Release|Any CPU
	EndGlobalSection
	GlobalSection(SolutionProperties) = preSolution
		HideSolutionNode = FALSE
	EndGlobalSection
	GlobalSection(ExtensibilityGlobals) = postSolution
		SolutionGuid = {9B749E77-4C08-4100-9930-039DDF41BEBC}
	EndGlobalSection
EndGlobal
