
Microsoft Visual Studio Solution File, Format Version 12.00
# Visual Studio 15
VisualStudioVersion = 15.0.28010.2016
MinimumVisualStudioVersion = 10.0.40219.1
Project("{FAE04EC0-301F-11D3-BF4B-00C04F79EFBC}") = "A067_InstanceMethod", "A067_InstanceMethod\A067_InstanceMethod.csproj", "{3F1F5703-215F-47AB-90A7-352A9362E1E2}"
EndProject
Global
	GlobalSection(SolutionConfigurationPlatforms) = preSolution
		Debug|Any CPU = Debug|Any CPU
		Release|Any CPU = Release|Any CPU
	EndGlobalSection
	GlobalSection(ProjectConfigurationPlatforms) = postSolution
		{3F1F5703-215F-47AB-90A7-352A9362E1E2}.Debug|Any CPU.ActiveCfg = Debug|Any CPU
		{3F1F5703-215F-47AB-90A7-352A9362E1E2}.Debug|Any CPU.Build.0 = Debug|Any CPU
		{3F1F5703-215F-47AB-90A7-352A9362E1E2}.Release|Any CPU.ActiveCfg = Release|Any CPU
		{3F1F5703-215F-47AB-90A7-352A9362E1E2}.Release|Any CPU.Build.0 = Release|Any CPU
	EndGlobalSection
	GlobalSection(SolutionProperties) = preSolution
		HideSolutionNode = FALSE
	EndGlobalSection
	GlobalSection(ExtensibilityGlobals) = postSolution
		SolutionGuid = {51563F6C-1C96-4068-9A0C-6FD400650718}
	EndGlobalSection
EndGlobal
