
Microsoft Visual Studio Solution File, Format Version 12.00
# Visual Studio 15
VisualStudioVersion = 15.0.27703.2042
MinimumVisualStudioVersion = 10.0.40219.1
Project("{FAE04EC0-301F-11D3-BF4B-00C04F79EFBC}") = "A164_WPF DigitalClock", "A164_WPF DigitalClock\A164_WPF DigitalClock.csproj", "{7BCFC0EC-EC97-47DB-B5F9-8D37F318FFC4}"
EndProject
Global
	GlobalSection(SolutionConfigurationPlatforms) = preSolution
		Debug|Any CPU = Debug|Any CPU
		Release|Any CPU = Release|Any CPU
	EndGlobalSection
	GlobalSection(ProjectConfigurationPlatforms) = postSolution
		{7BCFC0EC-EC97-47DB-B5F9-8D37F318FFC4}.Debug|Any CPU.ActiveCfg = Debug|Any CPU
		{7BCFC0EC-EC97-47DB-B5F9-8D37F318FFC4}.Debug|Any CPU.Build.0 = Debug|Any CPU
		{7BCFC0EC-EC97-47DB-B5F9-8D37F318FFC4}.Release|Any CPU.ActiveCfg = Release|Any CPU
		{7BCFC0EC-EC97-47DB-B5F9-8D37F318FFC4}.Release|Any CPU.Build.0 = Release|Any CPU
	EndGlobalSection
	GlobalSection(SolutionProperties) = preSolution
		HideSolutionNode = FALSE
	EndGlobalSection
	GlobalSection(ExtensibilityGlobals) = postSolution
		SolutionGuid = {C396CC68-61E7-445B-87DF-13458759E14F}
	EndGlobalSection
EndGlobal
