
Microsoft Visual Studio Solution File, Format Version 12.00
# Visual Studio 15
VisualStudioVersion = 15.0.27703.2042
MinimumVisualStudioVersion = 10.0.40219.1
Project("{FAE04EC0-301F-11D3-BF4B-00C04F79EFBC}") = "A061_RandomClass", "A061_RandomClass\A061_RandomClass.csproj", "{3C85E159-B395-48F8-B951-D26E0CCE92F6}"
EndProject
Global
	GlobalSection(SolutionConfigurationPlatforms) = preSolution
		Debug|Any CPU = Debug|Any CPU
		Release|Any CPU = Release|Any CPU
	EndGlobalSection
	GlobalSection(ProjectConfigurationPlatforms) = postSolution
		{3C85E159-B395-48F8-B951-D26E0CCE92F6}.Debug|Any CPU.ActiveCfg = Debug|Any CPU
		{3C85E159-B395-48F8-B951-D26E0CCE92F6}.Debug|Any CPU.Build.0 = Debug|Any CPU
		{3C85E159-B395-48F8-B951-D26E0CCE92F6}.Release|Any CPU.ActiveCfg = Release|Any CPU
		{3C85E159-B395-48F8-B951-D26E0CCE92F6}.Release|Any CPU.Build.0 = Release|Any CPU
	EndGlobalSection
	GlobalSection(SolutionProperties) = preSolution
		HideSolutionNode = FALSE
	EndGlobalSection
	GlobalSection(ExtensibilityGlobals) = postSolution
		SolutionGuid = {90E319C9-76AE-4996-A692-9325EBEE2455}
	EndGlobalSection
EndGlobal
