
Microsoft Visual Studio Solution File, Format Version 12.00
# Visual Studio 15
VisualStudioVersion = 15.0.27703.2042
MinimumVisualStudioVersion = 10.0.40219.1
Project("{FAE04EC0-301F-11D3-BF4B-00C04F79EFBC}") = "A157_XAML_Layout", "A157_XAML_Layout\A157_XAML_Layout.csproj", "{08B31730-C5CB-47E4-A7CC-03B6501C6982}"
EndProject
Global
	GlobalSection(SolutionConfigurationPlatforms) = preSolution
		Debug|Any CPU = Debug|Any CPU
		Release|Any CPU = Release|Any CPU
	EndGlobalSection
	GlobalSection(ProjectConfigurationPlatforms) = postSolution
		{08B31730-C5CB-47E4-A7CC-03B6501C6982}.Debug|Any CPU.ActiveCfg = Debug|Any CPU
		{08B31730-C5CB-47E4-A7CC-03B6501C6982}.Debug|Any CPU.Build.0 = Debug|Any CPU
		{08B31730-C5CB-47E4-A7CC-03B6501C6982}.Release|Any CPU.ActiveCfg = Release|Any CPU
		{08B31730-C5CB-47E4-A7CC-03B6501C6982}.Release|Any CPU.Build.0 = Release|Any CPU
	EndGlobalSection
	GlobalSection(SolutionProperties) = preSolution
		HideSolutionNode = FALSE
	EndGlobalSection
	GlobalSection(ExtensibilityGlobals) = postSolution
		SolutionGuid = {65E605AA-4416-4F5F-8493-DB4110FAF52C}
	EndGlobalSection
EndGlobal
