
Microsoft Visual Studio Solution File, Format Version 12.00
# Visual Studio 15
VisualStudioVersion = 15.0.28010.2016
MinimumVisualStudioVersion = 10.0.40219.1
Project("{FAE04EC0-301F-11D3-BF4B-00C04F79EFBC}") = "A085_DateTime", "A085_DateTime\A085_DateTime.csproj", "{3D650957-F60B-4466-892C-5D1A2054668E}"
EndProject
Global
	GlobalSection(SolutionConfigurationPlatforms) = preSolution
		Debug|Any CPU = Debug|Any CPU
		Release|Any CPU = Release|Any CPU
	EndGlobalSection
	GlobalSection(ProjectConfigurationPlatforms) = postSolution
		{3D650957-F60B-4466-892C-5D1A2054668E}.Debug|Any CPU.ActiveCfg = Debug|Any CPU
		{3D650957-F60B-4466-892C-5D1A2054668E}.Debug|Any CPU.Build.0 = Debug|Any CPU
		{3D650957-F60B-4466-892C-5D1A2054668E}.Release|Any CPU.ActiveCfg = Release|Any CPU
		{3D650957-F60B-4466-892C-5D1A2054668E}.Release|Any CPU.Build.0 = Release|Any CPU
	EndGlobalSection
	GlobalSection(SolutionProperties) = preSolution
		HideSolutionNode = FALSE
	EndGlobalSection
	GlobalSection(ExtensibilityGlobals) = postSolution
		SolutionGuid = {8444E3C5-F72E-4146-9B83-1D58843FDC8A}
	EndGlobalSection
EndGlobal
