
Microsoft Visual Studio Solution File, Format Version 12.00
# Visual Studio 15
VisualStudioVersion = 15.0.27703.2042
MinimumVisualStudioVersion = 10.0.40219.1
Project("{FAE04EC0-301F-11D3-BF4B-00C04F79EFBC}") = "A119_ListAndLambda", "A119_ListAndLambda\A119_ListAndLambda.csproj", "{35A3F622-4836-41EE-BB14-3180A73F4E68}"
EndProject
Global
	GlobalSection(SolutionConfigurationPlatforms) = preSolution
		Debug|Any CPU = Debug|Any CPU
		Release|Any CPU = Release|Any CPU
	EndGlobalSection
	GlobalSection(ProjectConfigurationPlatforms) = postSolution
		{35A3F622-4836-41EE-BB14-3180A73F4E68}.Debug|Any CPU.ActiveCfg = Debug|Any CPU
		{35A3F622-4836-41EE-BB14-3180A73F4E68}.Debug|Any CPU.Build.0 = Debug|Any CPU
		{35A3F622-4836-41EE-BB14-3180A73F4E68}.Release|Any CPU.ActiveCfg = Release|Any CPU
		{35A3F622-4836-41EE-BB14-3180A73F4E68}.Release|Any CPU.Build.0 = Release|Any CPU
	EndGlobalSection
	GlobalSection(SolutionProperties) = preSolution
		HideSolutionNode = FALSE
	EndGlobalSection
	GlobalSection(ExtensibilityGlobals) = postSolution
		SolutionGuid = {47B946B5-1EE6-47A3-98E2-E026976AA52F}
	EndGlobalSection
EndGlobal
