
Microsoft Visual Studio Solution File, Format Version 12.00
# Visual Studio 15
VisualStudioVersion = 15.0.27703.2042
MinimumVisualStudioVersion = 10.0.40219.1
Project("{FAE04EC0-301F-11D3-BF4B-00C04F79EFBC}") = "A037_Default", "A037_Default\A037_Default.csproj", "{D3854E54-D324-457A-8663-309FF688DF88}"
EndProject
Global
	GlobalSection(SolutionConfigurationPlatforms) = preSolution
		Debug|Any CPU = Debug|Any CPU
		Release|Any CPU = Release|Any CPU
	EndGlobalSection
	GlobalSection(ProjectConfigurationPlatforms) = postSolution
		{D3854E54-D324-457A-8663-309FF688DF88}.Debug|Any CPU.ActiveCfg = Debug|Any CPU
		{D3854E54-D324-457A-8663-309FF688DF88}.Debug|Any CPU.Build.0 = Debug|Any CPU
		{D3854E54-D324-457A-8663-309FF688DF88}.Release|Any CPU.ActiveCfg = Release|Any CPU
		{D3854E54-D324-457A-8663-309FF688DF88}.Release|Any CPU.Build.0 = Release|Any CPU
	EndGlobalSection
	GlobalSection(SolutionProperties) = preSolution
		HideSolutionNode = FALSE
	EndGlobalSection
	GlobalSection(ExtensibilityGlobals) = postSolution
		SolutionGuid = {2EC40A5C-E1C3-4ADB-AF0D-08A3B4A5B1EF}
	EndGlobalSection
EndGlobal
