
Microsoft Visual Studio Solution File, Format Version 12.00
# Visual Studio 15
VisualStudioVersion = 15.0.27703.2042
MinimumVisualStudioVersion = 10.0.40219.1
Project("{FAE04EC0-301F-11D3-BF4B-00C04F79EFBC}") = "A014_StringToNumber", "A014_StringToNumber\A014_StringToNumber.csproj", "{DEA60FF1-1E51-4718-A960-938033BB5ED9}"
EndProject
Global
	GlobalSection(SolutionConfigurationPlatforms) = preSolution
		Debug|Any CPU = Debug|Any CPU
		Release|Any CPU = Release|Any CPU
	EndGlobalSection
	GlobalSection(ProjectConfigurationPlatforms) = postSolution
		{DEA60FF1-1E51-4718-A960-938033BB5ED9}.Debug|Any CPU.ActiveCfg = Debug|Any CPU
		{DEA60FF1-1E51-4718-A960-938033BB5ED9}.Debug|Any CPU.Build.0 = Debug|Any CPU
		{DEA60FF1-1E51-4718-A960-938033BB5ED9}.Release|Any CPU.ActiveCfg = Release|Any CPU
		{DEA60FF1-1E51-4718-A960-938033BB5ED9}.Release|Any CPU.Build.0 = Release|Any CPU
	EndGlobalSection
	GlobalSection(SolutionProperties) = preSolution
		HideSolutionNode = FALSE
	EndGlobalSection
	GlobalSection(ExtensibilityGlobals) = postSolution
		SolutionGuid = {6C55FFD2-FA1B-4F45-B920-9A1B7475A950}
	EndGlobalSection
EndGlobal
