
Microsoft Visual Studio Solution File, Format Version 12.00
# Visual Studio 15
VisualStudioVersion = 15.0.27703.2042
MinimumVisualStudioVersion = 10.0.40219.1
Project("{FAE04EC0-301F-11D3-BF4B-00C04F79EFBC}") = "A083_RecursiveBinarySearch", "A083_RecursiveBinarySearch\A083_RecursiveBinarySearch.csproj", "{54FA17A2-F015-4B86-866F-A09083AC6947}"
EndProject
Global
	GlobalSection(SolutionConfigurationPlatforms) = preSolution
		Debug|Any CPU = Debug|Any CPU
		Release|Any CPU = Release|Any CPU
	EndGlobalSection
	GlobalSection(ProjectConfigurationPlatforms) = postSolution
		{54FA17A2-F015-4B86-866F-A09083AC6947}.Debug|Any CPU.ActiveCfg = Debug|Any CPU
		{54FA17A2-F015-4B86-866F-A09083AC6947}.Debug|Any CPU.Build.0 = Debug|Any CPU
		{54FA17A2-F015-4B86-866F-A09083AC6947}.Release|Any CPU.ActiveCfg = Release|Any CPU
		{54FA17A2-F015-4B86-866F-A09083AC6947}.Release|Any CPU.Build.0 = Release|Any CPU
	EndGlobalSection
	GlobalSection(SolutionProperties) = preSolution
		HideSolutionNode = FALSE
	EndGlobalSection
	GlobalSection(ExtensibilityGlobals) = postSolution
		SolutionGuid = {CB31928F-A831-415D-ABA4-B3C0F28971BE}
	EndGlobalSection
EndGlobal
