
Microsoft Visual Studio Solution File, Format Version 12.00
# Visual Studio 15
VisualStudioVersion = 15.0.27703.2042
MinimumVisualStudioVersion = 10.0.40219.1
Project("{FAE04EC0-301F-11D3-BF4B-00C04F79EFBC}") = "A017_ArithmeticOperators", "A017_ArithmeticOperators\A017_ArithmeticOperators.csproj", "{AF4F33D5-D6CD-4E89-A628-50A223B1491F}"
EndProject
Global
	GlobalSection(SolutionConfigurationPlatforms) = preSolution
		Debug|Any CPU = Debug|Any CPU
		Release|Any CPU = Release|Any CPU
	EndGlobalSection
	GlobalSection(ProjectConfigurationPlatforms) = postSolution
		{AF4F33D5-D6CD-4E89-A628-50A223B1491F}.Debug|Any CPU.ActiveCfg = Debug|Any CPU
		{AF4F33D5-D6CD-4E89-A628-50A223B1491F}.Debug|Any CPU.Build.0 = Debug|Any CPU
		{AF4F33D5-D6CD-4E89-A628-50A223B1491F}.Release|Any CPU.ActiveCfg = Release|Any CPU
		{AF4F33D5-D6CD-4E89-A628-50A223B1491F}.Release|Any CPU.Build.0 = Release|Any CPU
	EndGlobalSection
	GlobalSection(SolutionProperties) = preSolution
		HideSolutionNode = FALSE
	EndGlobalSection
	GlobalSection(ExtensibilityGlobals) = postSolution
		SolutionGuid = {3BCC76E2-6CF9-4B68-B42F-3BA6842ADC54}
	EndGlobalSection
EndGlobal
