
Microsoft Visual Studio Solution File, Format Version 12.00
# Visual Studio 15
VisualStudioVersion = 15.0.27703.2042
MinimumVisualStudioVersion = 10.0.40219.1
Project("{FAE04EC0-301F-11D3-BF4B-00C04F79EFBC}") = "A073_AgeCalculator", "A073_AgeCalculator\A073_AgeCalculator.csproj", "{82675896-BF0F-4C6F-8853-DDDB14EA4ED9}"
EndProject
Global
	GlobalSection(SolutionConfigurationPlatforms) = preSolution
		Debug|Any CPU = Debug|Any CPU
		Release|Any CPU = Release|Any CPU
	EndGlobalSection
	GlobalSection(ProjectConfigurationPlatforms) = postSolution
		{82675896-BF0F-4C6F-8853-DDDB14EA4ED9}.Debug|Any CPU.ActiveCfg = Debug|Any CPU
		{82675896-BF0F-4C6F-8853-DDDB14EA4ED9}.Debug|Any CPU.Build.0 = Debug|Any CPU
		{82675896-BF0F-4C6F-8853-DDDB14EA4ED9}.Release|Any CPU.ActiveCfg = Release|Any CPU
		{82675896-BF0F-4C6F-8853-DDDB14EA4ED9}.Release|Any CPU.Build.0 = Release|Any CPU
	EndGlobalSection
	GlobalSection(SolutionProperties) = preSolution
		HideSolutionNode = FALSE
	EndGlobalSection
	GlobalSection(ExtensibilityGlobals) = postSolution
		SolutionGuid = {4A01723A-74A3-4279-8C3A-18564EB9A88F}
	EndGlobalSection
EndGlobal
