
Microsoft Visual Studio Solution File, Format Version 12.00
# Visual Studio 15
VisualStudioVersion = 15.0.27703.2042
MinimumVisualStudioVersion = 10.0.40219.1
Project("{FAE04EC0-301F-11D3-BF4B-00C04F79EFBC}") = "A158_WPF BMICalc", "A158_WPF BMICalc\A158_WPF BMICalc.csproj", "{C6B78AF5-9FB6-487A-AF1A-79494AA5B9FF}"
EndProject
Global
	GlobalSection(SolutionConfigurationPlatforms) = preSolution
		Debug|Any CPU = Debug|Any CPU
		Release|Any CPU = Release|Any CPU
	EndGlobalSection
	GlobalSection(ProjectConfigurationPlatforms) = postSolution
		{C6B78AF5-9FB6-487A-AF1A-79494AA5B9FF}.Debug|Any CPU.ActiveCfg = Debug|Any CPU
		{C6B78AF5-9FB6-487A-AF1A-79494AA5B9FF}.Debug|Any CPU.Build.0 = Debug|Any CPU
		{C6B78AF5-9FB6-487A-AF1A-79494AA5B9FF}.Release|Any CPU.ActiveCfg = Release|Any CPU
		{C6B78AF5-9FB6-487A-AF1A-79494AA5B9FF}.Release|Any CPU.Build.0 = Release|Any CPU
	EndGlobalSection
	GlobalSection(SolutionProperties) = preSolution
		HideSolutionNode = FALSE
	EndGlobalSection
	GlobalSection(ExtensibilityGlobals) = postSolution
		SolutionGuid = {90EC6A9D-7790-430C-8BD6-4216A74660E9}
	EndGlobalSection
EndGlobal
