
Microsoft Visual Studio Solution File, Format Version 12.00
# Visual Studio 15
VisualStudioVersion = 15.0.27703.2042
MinimumVisualStudioVersion = 10.0.40219.1
Project("{FAE04EC0-301F-11D3-BF4B-00C04F79EFBC}") = "A078_AreaOfCircle", "A078_AreaOfCircle\A078_AreaOfCircle.csproj", "{6E27E061-568C-4BF1-B4BD-5C2A9726647E}"
EndProject
Global
	GlobalSection(SolutionConfigurationPlatforms) = preSolution
		Debug|Any CPU = Debug|Any CPU
		Release|Any CPU = Release|Any CPU
	EndGlobalSection
	GlobalSection(ProjectConfigurationPlatforms) = postSolution
		{6E27E061-568C-4BF1-B4BD-5C2A9726647E}.Debug|Any CPU.ActiveCfg = Debug|Any CPU
		{6E27E061-568C-4BF1-B4BD-5C2A9726647E}.Debug|Any CPU.Build.0 = Debug|Any CPU
		{6E27E061-568C-4BF1-B4BD-5C2A9726647E}.Release|Any CPU.ActiveCfg = Release|Any CPU
		{6E27E061-568C-4BF1-B4BD-5C2A9726647E}.Release|Any CPU.Build.0 = Release|Any CPU
	EndGlobalSection
	GlobalSection(SolutionProperties) = preSolution
		HideSolutionNode = FALSE
	EndGlobalSection
	GlobalSection(ExtensibilityGlobals) = postSolution
		SolutionGuid = {7986D852-5CB7-4479-BB20-4F419E604D53}
	EndGlobalSection
EndGlobal
