
Microsoft Visual Studio Solution File, Format Version 12.00
# Visual Studio 15
VisualStudioVersion = 15.0.27428.1
MinimumVisualStudioVersion = 10.0.40219.1
Project("{FAE04EC0-301F-11D3-BF4B-00C04F79EFBC}") = "A139_RgbScrollBar", "A139_RgbScrollBar.csproj", "{46016955-1763-4E2C-A8C8-8A034E32F317}"
EndProject
Global
	GlobalSection(SolutionConfigurationPlatforms) = preSolution
		Debug|Any CPU = Debug|Any CPU
		Release|Any CPU = Release|Any CPU
	EndGlobalSection
	GlobalSection(ProjectConfigurationPlatforms) = postSolution
		{46016955-1763-4E2C-A8C8-8A034E32F317}.Debug|Any CPU.ActiveCfg = Debug|Any CPU
		{46016955-1763-4E2C-A8C8-8A034E32F317}.Debug|Any CPU.Build.0 = Debug|Any CPU
		{46016955-1763-4E2C-A8C8-8A034E32F317}.Release|Any CPU.ActiveCfg = Release|Any CPU
		{46016955-1763-4E2C-A8C8-8A034E32F317}.Release|Any CPU.Build.0 = Release|Any CPU
	EndGlobalSection
	GlobalSection(SolutionProperties) = preSolution
		HideSolutionNode = FALSE
	EndGlobalSection
	GlobalSection(ExtensibilityGlobals) = postSolution
		SolutionGuid = {928478C6-13FA-4F77-93BE-D7A14C2CA20B}
	EndGlobalSection
EndGlobal
