
Microsoft Visual Studio Solution File, Format Version 12.00
# Visual Studio 15
VisualStudioVersion = 15.0.28307.421
MinimumVisualStudioVersion = 10.0.40219.1
Project("{FAE04EC0-301F-11D3-BF4B-00C04F79EFBC}") = "A030_GroupSaparator", "A030_GroupSaparator\A030_GroupSaparator.csproj", "{AF113F45-6E16-43D0-9876-38552E7D8E85}"
EndProject
Global
	GlobalSection(SolutionConfigurationPlatforms) = preSolution
		Debug|Any CPU = Debug|Any CPU
		Release|Any CPU = Release|Any CPU
	EndGlobalSection
	GlobalSection(ProjectConfigurationPlatforms) = postSolution
		{AF113F45-6E16-43D0-9876-38552E7D8E85}.Debug|Any CPU.ActiveCfg = Debug|Any CPU
		{AF113F45-6E16-43D0-9876-38552E7D8E85}.Debug|Any CPU.Build.0 = Debug|Any CPU
		{AF113F45-6E16-43D0-9876-38552E7D8E85}.Release|Any CPU.ActiveCfg = Release|Any CPU
		{AF113F45-6E16-43D0-9876-38552E7D8E85}.Release|Any CPU.Build.0 = Release|Any CPU
	EndGlobalSection
	GlobalSection(SolutionProperties) = preSolution
		HideSolutionNode = FALSE
	EndGlobalSection
	GlobalSection(ExtensibilityGlobals) = postSolution
		SolutionGuid = {63999AC5-A043-4714-A4CD-4D5DFAD05493}
	EndGlobalSection
EndGlobal
