
Microsoft Visual Studio Solution File, Format Version 12.00
# Visual Studio 15
VisualStudioVersion = 15.0.27703.2042
MinimumVisualStudioVersion = 10.0.40219.1
Project("{FAE04EC0-301F-11D3-BF4B-00C04F79EFBC}") = "A025_StringMethods", "A025_StringMethods\A025_StringMethods.csproj", "{9E6D8EAA-EF31-418F-89B0-8C80B964DEC8}"
EndProject
Global
	GlobalSection(SolutionConfigurationPlatforms) = preSolution
		Debug|Any CPU = Debug|Any CPU
		Release|Any CPU = Release|Any CPU
	EndGlobalSection
	GlobalSection(ProjectConfigurationPlatforms) = postSolution
		{9E6D8EAA-EF31-418F-89B0-8C80B964DEC8}.Debug|Any CPU.ActiveCfg = Debug|Any CPU
		{9E6D8EAA-EF31-418F-89B0-8C80B964DEC8}.Debug|Any CPU.Build.0 = Debug|Any CPU
		{9E6D8EAA-EF31-418F-89B0-8C80B964DEC8}.Release|Any CPU.ActiveCfg = Release|Any CPU
		{9E6D8EAA-EF31-418F-89B0-8C80B964DEC8}.Release|Any CPU.Build.0 = Release|Any CPU
	EndGlobalSection
	GlobalSection(SolutionProperties) = preSolution
		HideSolutionNode = FALSE
	EndGlobalSection
	GlobalSection(ExtensibilityGlobals) = postSolution
		SolutionGuid = {EC08109B-126B-447F-AC99-715021F8E036}
	EndGlobalSection
EndGlobal
