
Microsoft Visual Studio Solution File, Format Version 12.00
# Visual Studio 15
VisualStudioVersion = 15.0.27703.2042
MinimumVisualStudioVersion = 10.0.40219.1
Project("{FAE04EC0-301F-11D3-BF4B-00C04F79EFBC}") = "A029_StringFormat", "A029_StringFormat\A029_StringFormat.csproj", "{9270DBCA-002B-4119-9F6C-EC885FF860B8}"
EndProject
Global
	GlobalSection(SolutionConfigurationPlatforms) = preSolution
		Debug|Any CPU = Debug|Any CPU
		Release|Any CPU = Release|Any CPU
	EndGlobalSection
	GlobalSection(ProjectConfigurationPlatforms) = postSolution
		{9270DBCA-002B-4119-9F6C-EC885FF860B8}.Debug|Any CPU.ActiveCfg = Debug|Any CPU
		{9270DBCA-002B-4119-9F6C-EC885FF860B8}.Debug|Any CPU.Build.0 = Debug|Any CPU
		{9270DBCA-002B-4119-9F6C-EC885FF860B8}.Release|Any CPU.ActiveCfg = Release|Any CPU
		{9270DBCA-002B-4119-9F6C-EC885FF860B8}.Release|Any CPU.Build.0 = Release|Any CPU
	EndGlobalSection
	GlobalSection(SolutionProperties) = preSolution
		HideSolutionNode = FALSE
	EndGlobalSection
	GlobalSection(ExtensibilityGlobals) = postSolution
		SolutionGuid = {1A61B1F0-2D7C-4E14-80AA-E3D3BE1FE8B4}
	EndGlobalSection
EndGlobal
