
Microsoft Visual Studio Solution File, Format Version 12.00
# Visual Studio 15
VisualStudioVersion = 15.0.27703.2042
MinimumVisualStudioVersion = 10.0.40219.1
Project("{FAE04EC0-301F-11D3-BF4B-00C04F79EFBC}") = "A028_StringContains", "A028_StringContains\A028_StringContains.csproj", "{2648CE53-2105-4B6B-974C-83A2857E8B12}"
EndProject
Global
	GlobalSection(SolutionConfigurationPlatforms) = preSolution
		Debug|Any CPU = Debug|Any CPU
		Release|Any CPU = Release|Any CPU
	EndGlobalSection
	GlobalSection(ProjectConfigurationPlatforms) = postSolution
		{2648CE53-2105-4B6B-974C-83A2857E8B12}.Debug|Any CPU.ActiveCfg = Debug|Any CPU
		{2648CE53-2105-4B6B-974C-83A2857E8B12}.Debug|Any CPU.Build.0 = Debug|Any CPU
		{2648CE53-2105-4B6B-974C-83A2857E8B12}.Release|Any CPU.ActiveCfg = Release|Any CPU
		{2648CE53-2105-4B6B-974C-83A2857E8B12}.Release|Any CPU.Build.0 = Release|Any CPU
	EndGlobalSection
	GlobalSection(SolutionProperties) = preSolution
		HideSolutionNode = FALSE
	EndGlobalSection
	GlobalSection(ExtensibilityGlobals) = postSolution
		SolutionGuid = {06193A7B-26E3-476F-868D-7946CFCFEFE0}
	EndGlobalSection
EndGlobal
