
Microsoft Visual Studio Solution File, Format Version 12.00
# Visual Studio 15
VisualStudioVersion = 15.0.27703.2042
MinimumVisualStudioVersion = 10.0.40219.1
Project("{FAE04EC0-301F-11D3-BF4B-00C04F79EFBC}") = "A127_WinFormApp", "A127_WinFormApp\A127_WinFormApp.csproj", "{3360D5E6-9F62-4292-AA27-844A76C22367}"
EndProject
Global
	GlobalSection(SolutionConfigurationPlatforms) = preSolution
		Debug|Any CPU = Debug|Any CPU
		Release|Any CPU = Release|Any CPU
	EndGlobalSection
	GlobalSection(ProjectConfigurationPlatforms) = postSolution
		{3360D5E6-9F62-4292-AA27-844A76C22367}.Debug|Any CPU.ActiveCfg = Debug|Any CPU
		{3360D5E6-9F62-4292-AA27-844A76C22367}.Debug|Any CPU.Build.0 = Debug|Any CPU
		{3360D5E6-9F62-4292-AA27-844A76C22367}.Release|Any CPU.ActiveCfg = Release|Any CPU
		{3360D5E6-9F62-4292-AA27-844A76C22367}.Release|Any CPU.Build.0 = Release|Any CPU
	EndGlobalSection
	GlobalSection(SolutionProperties) = preSolution
		HideSolutionNode = FALSE
	EndGlobalSection
	GlobalSection(ExtensibilityGlobals) = postSolution
		SolutionGuid = {8633754E-CBF1-47E6-B11D-B58B74A5393A}
	EndGlobalSection
EndGlobal
