
Microsoft Visual Studio Solution File, Format Version 12.00
# Visual Studio 15
VisualStudioVersion = 15.0.28307.421
MinimumVisualStudioVersion = 10.0.40219.1
Project("{FAE04EC0-301F-11D3-BF4B-00C04F79EFBC}") = "A173_MyNotePad", "A173_MyNotePad\A173_MyNotePad.csproj", "{D871B6CC-192B-4DFE-ADAC-8B54B9A663E2}"
EndProject
Global
	GlobalSection(SolutionConfigurationPlatforms) = preSolution
		Debug|Any CPU = Debug|Any CPU
		Release|Any CPU = Release|Any CPU
	EndGlobalSection
	GlobalSection(ProjectConfigurationPlatforms) = postSolution
		{D871B6CC-192B-4DFE-ADAC-8B54B9A663E2}.Debug|Any CPU.ActiveCfg = Debug|Any CPU
		{D871B6CC-192B-4DFE-ADAC-8B54B9A663E2}.Debug|Any CPU.Build.0 = Debug|Any CPU
		{D871B6CC-192B-4DFE-ADAC-8B54B9A663E2}.Release|Any CPU.ActiveCfg = Release|Any CPU
		{D871B6CC-192B-4DFE-ADAC-8B54B9A663E2}.Release|Any CPU.Build.0 = Release|Any CPU
	EndGlobalSection
	GlobalSection(SolutionProperties) = preSolution
		HideSolutionNode = FALSE
	EndGlobalSection
	GlobalSection(ExtensibilityGlobals) = postSolution
		SolutionGuid = {120A4D38-7024-42EC-A3C0-4A8293A15566}
	EndGlobalSection
EndGlobal
