
Microsoft Visual Studio Solution File, Format Version 12.00
# Visual Studio 15
VisualStudioVersion = 15.0.27703.2042
MinimumVisualStudioVersion = 10.0.40219.1
Project("{FAE04EC0-301F-11D3-BF4B-00C04F79EFBC}") = "A108_Queue", "A108_Queue\A108_Queue.csproj", "{3239E83F-2A23-4148-B751-95FA39761614}"
EndProject
Global
	GlobalSection(SolutionConfigurationPlatforms) = preSolution
		Debug|Any CPU = Debug|Any CPU
		Release|Any CPU = Release|Any CPU
	EndGlobalSection
	GlobalSection(ProjectConfigurationPlatforms) = postSolution
		{3239E83F-2A23-4148-B751-95FA39761614}.Debug|Any CPU.ActiveCfg = Debug|Any CPU
		{3239E83F-2A23-4148-B751-95FA39761614}.Debug|Any CPU.Build.0 = Debug|Any CPU
		{3239E83F-2A23-4148-B751-95FA39761614}.Release|Any CPU.ActiveCfg = Release|Any CPU
		{3239E83F-2A23-4148-B751-95FA39761614}.Release|Any CPU.Build.0 = Release|Any CPU
	EndGlobalSection
	GlobalSection(SolutionProperties) = preSolution
		HideSolutionNode = FALSE
	EndGlobalSection
	GlobalSection(ExtensibilityGlobals) = postSolution
		SolutionGuid = {36141FCC-69A6-4E78-AF91-617A44910B17}
	EndGlobalSection
EndGlobal
