
Microsoft Visual Studio Solution File, Format Version 12.00
# Visual Studio 15
VisualStudioVersion = 15.0.27703.2042
MinimumVisualStudioVersion = 10.0.40219.1
Project("{FAE04EC0-301F-11D3-BF4B-00C04F79EFBC}") = "A160_WPF SimpleCalc", "A160_WPF SimpleCalc\A160_WPF SimpleCalc.csproj", "{E5E3AE30-8503-452E-9D70-B1B346561CAE}"
EndProject
Global
	GlobalSection(SolutionConfigurationPlatforms) = preSolution
		Debug|Any CPU = Debug|Any CPU
		Release|Any CPU = Release|Any CPU
	EndGlobalSection
	GlobalSection(ProjectConfigurationPlatforms) = postSolution
		{E5E3AE30-8503-452E-9D70-B1B346561CAE}.Debug|Any CPU.ActiveCfg = Debug|Any CPU
		{E5E3AE30-8503-452E-9D70-B1B346561CAE}.Debug|Any CPU.Build.0 = Debug|Any CPU
		{E5E3AE30-8503-452E-9D70-B1B346561CAE}.Release|Any CPU.ActiveCfg = Release|Any CPU
		{E5E3AE30-8503-452E-9D70-B1B346561CAE}.Release|Any CPU.Build.0 = Release|Any CPU
	EndGlobalSection
	GlobalSection(SolutionProperties) = preSolution
		HideSolutionNode = FALSE
	EndGlobalSection
	GlobalSection(ExtensibilityGlobals) = postSolution
		SolutionGuid = {B74C9569-9A47-4A6C-9D99-FCB6EE007820}
	EndGlobalSection
EndGlobal
