
Microsoft Visual Studio Solution File, Format Version 12.00
# Visual Studio 15
VisualStudioVersion = 15.0.27703.2042
MinimumVisualStudioVersion = 10.0.40219.1
Project("{FAE04EC0-301F-11D3-BF4B-00C04F79EFBC}") = "A132_Label", "A132_Label\A132_Label.csproj", "{E86CBC99-0C01-42AD-B752-92BCE4B54A55}"
EndProject
Global
	GlobalSection(SolutionConfigurationPlatforms) = preSolution
		Debug|Any CPU = Debug|Any CPU
		Release|Any CPU = Release|Any CPU
	EndGlobalSection
	GlobalSection(ProjectConfigurationPlatforms) = postSolution
		{E86CBC99-0C01-42AD-B752-92BCE4B54A55}.Debug|Any CPU.ActiveCfg = Debug|Any CPU
		{E86CBC99-0C01-42AD-B752-92BCE4B54A55}.Debug|Any CPU.Build.0 = Debug|Any CPU
		{E86CBC99-0C01-42AD-B752-92BCE4B54A55}.Release|Any CPU.ActiveCfg = Release|Any CPU
		{E86CBC99-0C01-42AD-B752-92BCE4B54A55}.Release|Any CPU.Build.0 = Release|Any CPU
	EndGlobalSection
	GlobalSection(SolutionProperties) = preSolution
		HideSolutionNode = FALSE
	EndGlobalSection
	GlobalSection(ExtensibilityGlobals) = postSolution
		SolutionGuid = {D0F4E9CF-83D8-4B9E-A138-57764A05E7CD}
	EndGlobalSection
EndGlobal
