
Microsoft Visual Studio Solution File, Format Version 12.00
# Visual Studio 15
VisualStudioVersion = 15.0.27703.2042
MinimumVisualStudioVersion = 10.0.40219.1
Project("{FAE04EC0-301F-11D3-BF4B-00C04F79EFBC}") = "A016_Operators", "A016_Operators\A016_Operators.csproj", "{C646E30F-9BA9-45FE-AF76-E721AC159F9A}"
EndProject
Global
	GlobalSection(SolutionConfigurationPlatforms) = preSolution
		Debug|Any CPU = Debug|Any CPU
		Release|Any CPU = Release|Any CPU
	EndGlobalSection
	GlobalSection(ProjectConfigurationPlatforms) = postSolution
		{C646E30F-9BA9-45FE-AF76-E721AC159F9A}.Debug|Any CPU.ActiveCfg = Debug|Any CPU
		{C646E30F-9BA9-45FE-AF76-E721AC159F9A}.Debug|Any CPU.Build.0 = Debug|Any CPU
		{C646E30F-9BA9-45FE-AF76-E721AC159F9A}.Release|Any CPU.ActiveCfg = Release|Any CPU
		{C646E30F-9BA9-45FE-AF76-E721AC159F9A}.Release|Any CPU.Build.0 = Release|Any CPU
	EndGlobalSection
	GlobalSection(SolutionProperties) = preSolution
		HideSolutionNode = FALSE
	EndGlobalSection
	GlobalSection(ExtensibilityGlobals) = postSolution
		SolutionGuid = {E6D3849A-1631-465E-B17E-A6CC934E2F11}
	EndGlobalSection
EndGlobal
