
Microsoft Visual Studio Solution File, Format Version 12.00
# Visual Studio 15
VisualStudioVersion = 15.0.27703.2042
MinimumVisualStudioVersion = 10.0.40219.1
Project("{FAE04EC0-301F-11D3-BF4B-00C04F79EFBC}") = "A034_ValueAndReference", "A034_ValueAndReference\A034_ValueAndReference.csproj", "{024C4208-177D-460A-A795-3753C8722FC5}"
EndProject
Global
	GlobalSection(SolutionConfigurationPlatforms) = preSolution
		Debug|Any CPU = Debug|Any CPU
		Release|Any CPU = Release|Any CPU
	EndGlobalSection
	GlobalSection(ProjectConfigurationPlatforms) = postSolution
		{024C4208-177D-460A-A795-3753C8722FC5}.Debug|Any CPU.ActiveCfg = Debug|Any CPU
		{024C4208-177D-460A-A795-3753C8722FC5}.Debug|Any CPU.Build.0 = Debug|Any CPU
		{024C4208-177D-460A-A795-3753C8722FC5}.Release|Any CPU.ActiveCfg = Release|Any CPU
		{024C4208-177D-460A-A795-3753C8722FC5}.Release|Any CPU.Build.0 = Release|Any CPU
	EndGlobalSection
	GlobalSection(SolutionProperties) = preSolution
		HideSolutionNode = FALSE
	EndGlobalSection
	GlobalSection(ExtensibilityGlobals) = postSolution
		SolutionGuid = {58600E70-2C27-4C41-8885-821925F6652A}
	EndGlobalSection
EndGlobal
