
Microsoft Visual Studio Solution File, Format Version 12.00
# Visual Studio 15
VisualStudioVersion = 15.0.28307.421
MinimumVisualStudioVersion = 10.0.40219.1
Project("{FAE04EC0-301F-11D3-BF4B-00C04F79EFBC}") = "A153_OpenFIleDialog", "A153_OpenFIleDialog\A153_OpenFIleDialog.csproj", "{0162C56B-A64F-41A9-8DDF-3473F3F44FE4}"
EndProject
Global
	GlobalSection(SolutionConfigurationPlatforms) = preSolution
		Debug|Any CPU = Debug|Any CPU
		Release|Any CPU = Release|Any CPU
	EndGlobalSection
	GlobalSection(ProjectConfigurationPlatforms) = postSolution
		{0162C56B-A64F-41A9-8DDF-3473F3F44FE4}.Debug|Any CPU.ActiveCfg = Debug|Any CPU
		{0162C56B-A64F-41A9-8DDF-3473F3F44FE4}.Debug|Any CPU.Build.0 = Debug|Any CPU
		{0162C56B-A64F-41A9-8DDF-3473F3F44FE4}.Release|Any CPU.ActiveCfg = Release|Any CPU
		{0162C56B-A64F-41A9-8DDF-3473F3F44FE4}.Release|Any CPU.Build.0 = Release|Any CPU
	EndGlobalSection
	GlobalSection(SolutionProperties) = preSolution
		HideSolutionNode = FALSE
	EndGlobalSection
	GlobalSection(ExtensibilityGlobals) = postSolution
		SolutionGuid = {283A54A7-BBD6-4234-97B8-3FDCB00FF09F}
	EndGlobalSection
EndGlobal
