
Microsoft Visual Studio Solution File, Format Version 12.00
# Visual Studio 15
VisualStudioVersion = 15.0.27703.2042
MinimumVisualStudioVersion = 10.0.40219.1
Project("{FAE04EC0-301F-11D3-BF4B-00C04F79EFBC}") = "A105_IComparer", "A105_IComparer\A105_IComparer.csproj", "{BFD5D0F9-A1D1-4DF4-A6BC-CDBC60AC5B5D}"
EndProject
Global
	GlobalSection(SolutionConfigurationPlatforms) = preSolution
		Debug|Any CPU = Debug|Any CPU
		Release|Any CPU = Release|Any CPU
	EndGlobalSection
	GlobalSection(ProjectConfigurationPlatforms) = postSolution
		{BFD5D0F9-A1D1-4DF4-A6BC-CDBC60AC5B5D}.Debug|Any CPU.ActiveCfg = Debug|Any CPU
		{BFD5D0F9-A1D1-4DF4-A6BC-CDBC60AC5B5D}.Debug|Any CPU.Build.0 = Debug|Any CPU
		{BFD5D0F9-A1D1-4DF4-A6BC-CDBC60AC5B5D}.Release|Any CPU.ActiveCfg = Release|Any CPU
		{BFD5D0F9-A1D1-4DF4-A6BC-CDBC60AC5B5D}.Release|Any CPU.Build.0 = Release|Any CPU
	EndGlobalSection
	GlobalSection(SolutionProperties) = preSolution
		HideSolutionNode = FALSE
	EndGlobalSection
	GlobalSection(ExtensibilityGlobals) = postSolution
		SolutionGuid = {52AF29E4-C6AC-4816-9A70-A8D76FD355BE}
	EndGlobalSection
EndGlobal
