
Microsoft Visual Studio Solution File, Format Version 12.00
# Visual Studio 15
VisualStudioVersion = 15.0.27703.2042
MinimumVisualStudioVersion = 10.0.40219.1
Project("{FAE04EC0-301F-11D3-BF4B-00C04F79EFBC}") = "A062_ArrayAndRandom", "A062_ArrayAndRandom\A062_ArrayAndRandom.csproj", "{48568E81-1F55-4E17-9500-5434B86AB4BD}"
EndProject
Global
	GlobalSection(SolutionConfigurationPlatforms) = preSolution
		Debug|Any CPU = Debug|Any CPU
		Release|Any CPU = Release|Any CPU
	EndGlobalSection
	GlobalSection(ProjectConfigurationPlatforms) = postSolution
		{48568E81-1F55-4E17-9500-5434B86AB4BD}.Debug|Any CPU.ActiveCfg = Debug|Any CPU
		{48568E81-1F55-4E17-9500-5434B86AB4BD}.Debug|Any CPU.Build.0 = Debug|Any CPU
		{48568E81-1F55-4E17-9500-5434B86AB4BD}.Release|Any CPU.ActiveCfg = Release|Any CPU
		{48568E81-1F55-4E17-9500-5434B86AB4BD}.Release|Any CPU.Build.0 = Release|Any CPU
	EndGlobalSection
	GlobalSection(SolutionProperties) = preSolution
		HideSolutionNode = FALSE
	EndGlobalSection
	GlobalSection(ExtensibilityGlobals) = postSolution
		SolutionGuid = {0A4F1D2E-D617-43E3-892A-456763209D14}
	EndGlobalSection
EndGlobal
