
Microsoft Visual Studio Solution File, Format Version 12.00
# Visual Studio 15
VisualStudioVersion = 15.0.27703.2042
MinimumVisualStudioVersion = 10.0.40219.1
Project("{FAE04EC0-301F-11D3-BF4B-00C04F79EFBC}") = "A106_SortArrayPair", "A106_SortArrayPair\A106_SortArrayPair.csproj", "{650D9DCA-7C38-4122-8EC0-A5375D07170F}"
EndProject
Global
	GlobalSection(SolutionConfigurationPlatforms) = preSolution
		Debug|Any CPU = Debug|Any CPU
		Release|Any CPU = Release|Any CPU
	EndGlobalSection
	GlobalSection(ProjectConfigurationPlatforms) = postSolution
		{650D9DCA-7C38-4122-8EC0-A5375D07170F}.Debug|Any CPU.ActiveCfg = Debug|Any CPU
		{650D9DCA-7C38-4122-8EC0-A5375D07170F}.Debug|Any CPU.Build.0 = Debug|Any CPU
		{650D9DCA-7C38-4122-8EC0-A5375D07170F}.Release|Any CPU.ActiveCfg = Release|Any CPU
		{650D9DCA-7C38-4122-8EC0-A5375D07170F}.Release|Any CPU.Build.0 = Release|Any CPU
	EndGlobalSection
	GlobalSection(SolutionProperties) = preSolution
		HideSolutionNode = FALSE
	EndGlobalSection
	GlobalSection(ExtensibilityGlobals) = postSolution
		SolutionGuid = {08BFC3D2-6CC5-49C7-8467-25053AFB2649}
	EndGlobalSection
EndGlobal
