
Microsoft Visual Studio Solution File, Format Version 12.00
# Visual Studio 15
VisualStudioVersion = 15.0.27703.2042
MinimumVisualStudioVersion = 10.0.40219.1
Project("{FAE04EC0-301F-11D3-BF4B-00C04F79EFBC}") = "A135_RadioBox", "A135_RadioBox\A135_RadioBox.csproj", "{64A22D30-C22F-4BA3-A2D7-5C4B996278DB}"
EndProject
Global
	GlobalSection(SolutionConfigurationPlatforms) = preSolution
		Debug|Any CPU = Debug|Any CPU
		Release|Any CPU = Release|Any CPU
	EndGlobalSection
	GlobalSection(ProjectConfigurationPlatforms) = postSolution
		{64A22D30-C22F-4BA3-A2D7-5C4B996278DB}.Debug|Any CPU.ActiveCfg = Debug|Any CPU
		{64A22D30-C22F-4BA3-A2D7-5C4B996278DB}.Debug|Any CPU.Build.0 = Debug|Any CPU
		{64A22D30-C22F-4BA3-A2D7-5C4B996278DB}.Release|Any CPU.ActiveCfg = Release|Any CPU
		{64A22D30-C22F-4BA3-A2D7-5C4B996278DB}.Release|Any CPU.Build.0 = Release|Any CPU
	EndGlobalSection
	GlobalSection(SolutionProperties) = preSolution
		HideSolutionNode = FALSE
	EndGlobalSection
	GlobalSection(ExtensibilityGlobals) = postSolution
		SolutionGuid = {F67ACF07-FC7B-44EA-B59E-D4B2CD3D2BE2}
	EndGlobalSection
EndGlobal
