
Microsoft Visual Studio Solution File, Format Version 12.00
# Visual Studio 15
VisualStudioVersion = 15.0.27703.2042
MinimumVisualStudioVersion = 10.0.40219.1
Project("{FAE04EC0-301F-11D3-BF4B-00C04F79EFBC}") = "A117_LambdaExamples", "A117_LambdaExamples\A117_LambdaExamples.csproj", "{138F781D-667C-4D0E-A1ED-20307F059F4D}"
EndProject
Global
	GlobalSection(SolutionConfigurationPlatforms) = preSolution
		Debug|Any CPU = Debug|Any CPU
		Release|Any CPU = Release|Any CPU
	EndGlobalSection
	GlobalSection(ProjectConfigurationPlatforms) = postSolution
		{138F781D-667C-4D0E-A1ED-20307F059F4D}.Debug|Any CPU.ActiveCfg = Debug|Any CPU
		{138F781D-667C-4D0E-A1ED-20307F059F4D}.Debug|Any CPU.Build.0 = Debug|Any CPU
		{138F781D-667C-4D0E-A1ED-20307F059F4D}.Release|Any CPU.ActiveCfg = Release|Any CPU
		{138F781D-667C-4D0E-A1ED-20307F059F4D}.Release|Any CPU.Build.0 = Release|Any CPU
	EndGlobalSection
	GlobalSection(SolutionProperties) = preSolution
		HideSolutionNode = FALSE
	EndGlobalSection
	GlobalSection(ExtensibilityGlobals) = postSolution
		SolutionGuid = {60DE795C-2FAC-4020-ADC1-564E1FC0BE47}
	EndGlobalSection
EndGlobal
